
Microsoft Visual Studio Solution File, Format Version 12.00
# Visual Studio Version 17
VisualStudioVersion = 17.9.34902.65
MinimumVisualStudioVersion = 10.0.40219.1
Project("{9A19103F-16F7-4668-BE54-9A1E7A4F7556}") = "TileTouchingChallenge", "TileTouchingChallenge.csproj", "{851689BE-1F10-4F06-B831-F39A49DF5EC3}"
EndProject
Global
	GlobalSection(SolutionConfigurationPlatforms) = preSolution
		Debug|Any CPU = Debug|Any CPU
		Release|Any CPU = Release|Any CPU
	EndGlobalSection
	GlobalSection(ProjectConfigurationPlatforms) = postSolution
		{851689BE-1F10-4F06-B831-F39A49DF5EC3}.Debug|Any CPU.ActiveCfg = Debug|Any CPU
		{851689BE-1F10-4F06-B831-F39A49DF5EC3}.Debug|Any CPU.Build.0 = Debug|Any CPU
		{851689BE-1F10-4F06-B831-F39A49DF5EC3}.Release|Any CPU.ActiveCfg = Release|Any CPU
		{851689BE-1F10-4F06-B831-F39A49DF5EC3}.Release|Any CPU.Build.0 = Release|Any CPU
	EndGlobalSection
	GlobalSection(SolutionProperties) = preSolution
		HideSolutionNode = FALSE
	EndGlobalSection
	GlobalSection(ExtensibilityGlobals) = postSolution
		SolutionGuid = {3F64F07D-AEFC-4148-ACC3-A500B9870D54}
	EndGlobalSection
EndGlobal
